
Microsoft Visual Studio Solution File, Format Version 12.00
# Visual Studio Version 17
VisualStudioVersion = 17.7.34202.233
MinimumVisualStudioVersion = 10.0.40219.1
Project("{9A19103F-16F7-4668-BE54-9A1E7A4F7556}") = "Gazi.Donusumler", "Gazi.Donusumler.csproj", "{DFC9C1B7-A506-4E6F-8F46-40C0A46546A9}"
EndProject
Project("{9A19103F-16F7-4668-BE54-9A1E7A4F7556}") = "Gazi.KararYapilariAppSube2", "..\Gazi.KararYapilariAppSube2\Gazi.KararYapilariAppSube2.csproj", "{531CCBBA-C510-4705-B7BE-D34BB546D4D0}"
EndProject
Project("{9A19103F-16F7-4668-BE54-9A1E7A4F7556}") = "Gazi.DongulerAppSube2", "..\Gazi.DongulerAppSube2\Gazi.DongulerAppSube2.csproj", "{7F230DC1-0D3E-4301-99BF-770D7D7CD272}"
EndProject
Project("{FAE04EC0-301F-11D3-BF4B-00C04F79EFBC}") = "Gazi.DizilerAppSube2", "..\Gazi.DizilerAppSube2\Gazi.DizilerAppSube2.csproj", "{933A58DA-1FB2-42DE-BA88-7A442A3281FE}"
EndProject
Global
	GlobalSection(SolutionConfigurationPlatforms) = preSolution
		Debug|Any CPU = Debug|Any CPU
		Release|Any CPU = Release|Any CPU
	EndGlobalSection
	GlobalSection(ProjectConfigurationPlatforms) = postSolution
		{DFC9C1B7-A506-4E6F-8F46-40C0A46546A9}.Debug|Any CPU.ActiveCfg = Debug|Any CPU
		{DFC9C1B7-A506-4E6F-8F46-40C0A46546A9}.Debug|Any CPU.Build.0 = Debug|Any CPU
		{DFC9C1B7-A506-4E6F-8F46-40C0A46546A9}.Release|Any CPU.ActiveCfg = Release|Any CPU
		{DFC9C1B7-A506-4E6F-8F46-40C0A46546A9}.Release|Any CPU.Build.0 = Release|Any CPU
		{531CCBBA-C510-4705-B7BE-D34BB546D4D0}.Debug|Any CPU.ActiveCfg = Debug|Any CPU
		{531CCBBA-C510-4705-B7BE-D34BB546D4D0}.Debug|Any CPU.Build.0 = Debug|Any CPU
		{531CCBBA-C510-4705-B7BE-D34BB546D4D0}.Release|Any CPU.ActiveCfg = Release|Any CPU
		{531CCBBA-C510-4705-B7BE-D34BB546D4D0}.Release|Any CPU.Build.0 = Release|Any CPU
		{7F230DC1-0D3E-4301-99BF-770D7D7CD272}.Debug|Any CPU.ActiveCfg = Debug|Any CPU
		{7F230DC1-0D3E-4301-99BF-770D7D7CD272}.Debug|Any CPU.Build.0 = Debug|Any CPU
		{7F230DC1-0D3E-4301-99BF-770D7D7CD272}.Release|Any CPU.ActiveCfg = Release|Any CPU
		{7F230DC1-0D3E-4301-99BF-770D7D7CD272}.Release|Any CPU.Build.0 = Release|Any CPU
		{933A58DA-1FB2-42DE-BA88-7A442A3281FE}.Debug|Any CPU.ActiveCfg = Debug|Any CPU
		{933A58DA-1FB2-42DE-BA88-7A442A3281FE}.Debug|Any CPU.Build.0 = Debug|Any CPU
		{933A58DA-1FB2-42DE-BA88-7A442A3281FE}.Release|Any CPU.ActiveCfg = Release|Any CPU
		{933A58DA-1FB2-42DE-BA88-7A442A3281FE}.Release|Any CPU.Build.0 = Release|Any CPU
	EndGlobalSection
	GlobalSection(SolutionProperties) = preSolution
		HideSolutionNode = FALSE
	EndGlobalSection
	GlobalSection(ExtensibilityGlobals) = postSolution
		SolutionGuid = {2A00C65F-846F-40BF-9B1E-33565CEBCD66}
	EndGlobalSection
EndGlobal
